// !$*UTF8*$!
{
	archiveVersion = 1;
	classes = {
	};
	objectVersion = 46;
	objects = {

/* Begin PBXBuildFile section */
		0782AA7BBBD07C7CE6E95A57 /* Pods_LIveSkillsSearch.framework in Frameworks */ = {isa = PBXBuildFile; fileRef = BE5388A87DFB1CE8AC16B46D /* Pods_LIveSkillsSearch.framework */; };
		9930F9B11EC332F600A1A313 /* AppDelegate.swift in Sources */ = {isa = PBXBuildFile; fileRef = 9930F9B01EC332F600A1A313 /* AppDelegate.swift */; };
		9930F9B31EC332F600A1A313 /* ViewController.swift in Sources */ = {isa = PBXBuildFile; fileRef = 9930F9B21EC332F600A1A313 /* ViewController.swift */; };
		9930F9B61EC332F600A1A313 /* Main.storyboard in Resources */ = {isa = PBXBuildFile; fileRef = 9930F9B41EC332F600A1A313 /* Main.storyboard */; };
		9930F9B81EC332F600A1A313 /* Assets.xcassets in Resources */ = {isa = PBXBuildFile; fileRef = 9930F9B71EC332F600A1A313 /* Assets.xcassets */; };
		9930F9BB1EC332F600A1A313 /* LaunchScreen.storyboard in Resources */ = {isa = PBXBuildFile; fileRef = 9930F9B91EC332F600A1A313 /* LaunchScreen.storyboard */; };
		9930F9C61EC332F600A1A313 /* LIveSkillsSearchTests.swift in Sources */ = {isa = PBXBuildFile; fileRef = 9930F9C51EC332F600A1A313 /* LIveSkillsSearchTests.swift */; };
		9930F9D11EC332F600A1A313 /* LIveSkillsSearchUITests.swift in Sources */ = {isa = PBXBuildFile; fileRef = 9930F9D01EC332F600A1A313 /* LIveSkillsSearchUITests.swift */; };
		99A945A11EC4781000DE579E /* GiftAnimationViewController.swift in Sources */ = {isa = PBXBuildFile; fileRef = 99A9459F1EC4781000DE579E /* GiftAnimationViewController.swift */; };
		99A945A21EC4781000DE579E /* GiftAnimationViewController.xib in Resources */ = {isa = PBXBuildFile; fileRef = 99A945A01EC4781000DE579E /* GiftAnimationViewController.xib */; };
		99A945A71EC4799D00DE579E /* BSGiftDigitLabel.swift in Sources */ = {isa = PBXBuildFile; fileRef = 99A945A61EC4799D00DE579E /* BSGiftDigitLabel.swift */; };
		99A945A91EC47AA400DE579E /* BSGiftModelModel.swift in Sources */ = {isa = PBXBuildFile; fileRef = 99A945A81EC47AA400DE579E /* BSGiftModelModel.swift */; };
		99CE49DA1EC391EF0038FF5B /* ysocket.swift in Sources */ = {isa = PBXBuildFile; fileRef = 99CE49D51EC391EF0038FF5B /* ysocket.swift */; };
		99CE49DB1EC391EF0038FF5B /* ytcpsocket.c in Sources */ = {isa = PBXBuildFile; fileRef = 99CE49D61EC391EF0038FF5B /* ytcpsocket.c */; };
		99CE49DC1EC391EF0038FF5B /* ytcpsocket.swift in Sources */ = {isa = PBXBuildFile; fileRef = 99CE49D71EC391EF0038FF5B /* ytcpsocket.swift */; };
		99CE49DD1EC391EF0038FF5B /* yudpsocket.c in Sources */ = {isa = PBXBuildFile; fileRef = 99CE49D81EC391EF0038FF5B /* yudpsocket.c */; };
		99CE49DE1EC391EF0038FF5B /* yudpsocket.swift in Sources */ = {isa = PBXBuildFile; fileRef = 99CE49D91EC391EF0038FF5B /* yudpsocket.swift */; };
		99CE49E01EC392170038FF5B /* BSSocket.swift in Sources */ = {isa = PBXBuildFile; fileRef = 99CE49DF1EC392170038FF5B /* BSSocket.swift */; };
		99CE49E41EC393810038FF5B /* Immessage.proto.swift in Sources */ = {isa = PBXBuildFile; fileRef = 99CE49E31EC393810038FF5B /* Immessage.proto.swift */; };
		99CE49E61EC393E20038FF5B /* IMMessage.proto in Resources */ = {isa = PBXBuildFile; fileRef = 99CE49E51EC393E20038FF5B /* IMMessage.proto */; };
/* End PBXBuildFile section */

/* Begin PBXContainerItemProxy section */
		9930F9C21EC332F600A1A313 /* PBXContainerItemProxy */ = {
			isa = PBXContainerItemProxy;
			containerPortal = 9930F9A51EC332F600A1A313 /* Project object */;
			proxyType = 1;
			remoteGlobalIDString = 9930F9AC1EC332F600A1A313;
			remoteInfo = LIveSkillsSearch;
		};
		9930F9CD1EC332F600A1A313 /* PBXContainerItemProxy */ = {
			isa = PBXContainerItemProxy;
			containerPortal = 9930F9A51EC332F600A1A313 /* Project object */;
			proxyType = 1;
			remoteGlobalIDString = 9930F9AC1EC332F600A1A313;
			remoteInfo = LIveSkillsSearch;
		};
/* End PBXContainerItemProxy section */

/* Begin PBXFileReference section */
		8654D2DC17575AB4BF323335 /* Pods-LIveSkillsSearch.debug.xcconfig */ = {isa = PBXFileReference; includeInIndex = 1; lastKnownFileType = text.xcconfig; name = "Pods-LIveSkillsSearch.debug.xcconfig"; path = "Pods/Target Support Files/Pods-LIveSkillsSearch/Pods-LIveSkillsSearch.debug.xcconfig"; sourceTree = "<group>"; };
		92FE00078B69634CD2ECD3F0 /* Pods-LIveSkillsSearch.release.xcconfig */ = {isa = PBXFileReference; includeInIndex = 1; lastKnownFileType = text.xcconfig; name = "Pods-LIveSkillsSearch.release.xcconfig"; path = "Pods/Target Support Files/Pods-LIveSkillsSearch/Pods-LIveSkillsSearch.release.xcconfig"; sourceTree = "<group>"; };
		9930F9AD1EC332F600A1A313 /* LIveSkillsSearch.app */ = {isa = PBXFileReference; explicitFileType = wrapper.application; includeInIndex = 0; path = LIveSkillsSearch.app; sourceTree = BUILT_PRODUCTS_DIR; };
		9930F9B01EC332F600A1A313 /* AppDelegate.swift */ = {isa = PBXFileReference; lastKnownFileType = sourcecode.swift; path = AppDelegate.swift; sourceTree = "<group>"; };
		9930F9B21EC332F600A1A313 /* ViewController.swift */ = {isa = PBXFileReference; lastKnownFileType = sourcecode.swift; path = ViewController.swift; sourceTree = "<group>"; };
		9930F9B51EC332F600A1A313 /* Base */ = {isa = PBXFileReference; lastKnownFileType = file.storyboard; name = Base; path = Base.lproj/Main.storyboard; sourceTree = "<group>"; };
		9930F9B71EC332F600A1A313 /* Assets.xcassets */ = {isa = PBXFileReference; lastKnownFileType = folder.assetcatalog; path = Assets.xcassets; sourceTree = "<group>"; };
		9930F9BA1EC332F600A1A313 /* Base */ = {isa = PBXFileReference; lastKnownFileType = file.storyboard; name = Base; path = Base.lproj/LaunchScreen.storyboard; sourceTree = "<group>"; };
		9930F9BC1EC332F600A1A313 /* Info.plist */ = {isa = PBXFileReference; lastKnownFileType = text.plist.xml; path = Info.plist; sourceTree = "<group>"; };
		9930F9C11EC332F600A1A313 /* LIveSkillsSearchTests.xctest */ = {isa = PBXFileReference; explicitFileType = wrapper.cfbundle; includeInIndex = 0; path = LIveSkillsSearchTests.xctest; sourceTree = BUILT_PRODUCTS_DIR; };
		9930F9C51EC332F600A1A313 /* LIveSkillsSearchTests.swift */ = {isa = PBXFileReference; lastKnownFileType = sourcecode.swift; path = LIveSkillsSearchTests.swift; sourceTree = "<group>"; };
		9930F9C71EC332F600A1A313 /* Info.plist */ = {isa = PBXFileReference; lastKnownFileType = text.plist.xml; path = Info.plist; sourceTree = "<group>"; };
		9930F9CC1EC332F600A1A313 /* LIveSkillsSearchUITests.xctest */ = {isa = PBXFileReference; explicitFileType = wrapper.cfbundle; includeInIndex = 0; path = LIveSkillsSearchUITests.xctest; sourceTree = BUILT_PRODUCTS_DIR; };
		9930F9D01EC332F600A1A313 /* LIveSkillsSearchUITests.swift */ = {isa = PBXFileReference; lastKnownFileType = sourcecode.swift; path = LIveSkillsSearchUITests.swift; sourceTree = "<group>"; };
		9930F9D21EC332F600A1A313 /* Info.plist */ = {isa = PBXFileReference; lastKnownFileType = text.plist.xml; path = Info.plist; sourceTree = "<group>"; };
		99A9459F1EC4781000DE579E /* GiftAnimationViewController.swift */ = {isa = PBXFileReference; fileEncoding = 4; lastKnownFileType = sourcecode.swift; path = GiftAnimationViewController.swift; sourceTree = "<group>"; };
		99A945A01EC4781000DE579E /* GiftAnimationViewController.xib */ = {isa = PBXFileReference; fileEncoding = 4; lastKnownFileType = file.xib; path = GiftAnimationViewController.xib; sourceTree = "<group>"; };
		99A945A61EC4799D00DE579E /* BSGiftDigitLabel.swift */ = {isa = PBXFileReference; fileEncoding = 4; lastKnownFileType = sourcecode.swift; path = BSGiftDigitLabel.swift; sourceTree = "<group>"; };
		99A945A81EC47AA400DE579E /* BSGiftModelModel.swift */ = {isa = PBXFileReference; fileEncoding = 4; lastKnownFileType = sourcecode.swift; path = BSGiftModelModel.swift; sourceTree = "<group>"; };
		99CE49D51EC391EF0038FF5B /* ysocket.swift */ = {isa = PBXFileReference; fileEncoding = 4; lastKnownFileType = sourcecode.swift; path = ysocket.swift; sourceTree = "<group>"; };
		99CE49D61EC391EF0038FF5B /* ytcpsocket.c */ = {isa = PBXFileReference; fileEncoding = 4; lastKnownFileType = sourcecode.c.c; path = ytcpsocket.c; sourceTree = "<group>"; };
		99CE49D71EC391EF0038FF5B /* ytcpsocket.swift */ = {isa = PBXFileReference; fileEncoding = 4; lastKnownFileType = sourcecode.swift; path = ytcpsocket.swift; sourceTree = "<group>"; };
		99CE49D81EC391EF0038FF5B /* yudpsocket.c */ = {isa = PBXFileReference; fileEncoding = 4; lastKnownFileType = sourcecode.c.c; path = yudpsocket.c; sourceTree = "<group>"; };
		99CE49D91EC391EF0038FF5B /* yudpsocket.swift */ = {isa = PBXFileReference; fileEncoding = 4; lastKnownFileType = sourcecode.swift; path = yudpsocket.swift; sourceTree = "<group>"; };
		99CE49DF1EC392170038FF5B /* BSSocket.swift */ = {isa = PBXFileReference; fileEncoding = 4; lastKnownFileType = sourcecode.swift; path = BSSocket.swift; sourceTree = "<group>"; };
		99CE49E31EC393810038FF5B /* Immessage.proto.swift */ = {isa = PBXFileReference; fileEncoding = 4; lastKnownFileType = sourcecode.swift; path = Immessage.proto.swift; sourceTree = "<group>"; };
		99CE49E51EC393E20038FF5B /* IMMessage.proto */ = {isa = PBXFileReference; fileEncoding = 4; lastKnownFileType = text; path = IMMessage.proto; sourceTree = "<group>"; };
		BE5388A87DFB1CE8AC16B46D /* Pods_LIveSkillsSearch.framework */ = {isa = PBXFileReference; explicitFileType = wrapper.framework; includeInIndex = 0; path = Pods_LIveSkillsSearch.framework; sourceTree = BUILT_PRODUCTS_DIR; };
/* End PBXFileReference section */

/* Begin PBXFrameworksBuildPhase section */
		9930F9AA1EC332F600A1A313 /* Frameworks */ = {
			isa = PBXFrameworksBuildPhase;
			buildActionMask = 2147483647;
			files = (
				0782AA7BBBD07C7CE6E95A57 /* Pods_LIveSkillsSearch.framework in Frameworks */,
			);
			runOnlyForDeploymentPostprocessing = 0;
		};
		9930F9BE1EC332F600A1A313 /* Frameworks */ = {
			isa = PBXFrameworksBuildPhase;
			buildActionMask = 2147483647;
			files = (
			);
			runOnlyForDeploymentPostprocessing = 0;
		};
		9930F9C91EC332F600A1A313 /* Frameworks */ = {
			isa = PBXFrameworksBuildPhase;
			buildActionMask = 2147483647;
			files = (
			);
			runOnlyForDeploymentPostprocessing = 0;
		};
/* End PBXFrameworksBuildPhase section */

/* Begin PBXGroup section */
		76912C7C2BAA8184FFAE2627 /* Pods */ = {
			isa = PBXGroup;
			children = (
				8654D2DC17575AB4BF323335 /* Pods-LIveSkillsSearch.debug.xcconfig */,
				92FE00078B69634CD2ECD3F0 /* Pods-LIveSkillsSearch.release.xcconfig */,
			);
			name = Pods;
			sourceTree = "<group>";
		};
		9930F9A41EC332F600A1A313 = {
			isa = PBXGroup;
			children = (
				9930F9AF1EC332F600A1A313 /* LIveSkillsSearch */,
				9930F9C41EC332F600A1A313 /* LIveSkillsSearchTests */,
				9930F9CF1EC332F600A1A313 /* LIveSkillsSearchUITests */,
				9930F9AE1EC332F600A1A313 /* Products */,
				76912C7C2BAA8184FFAE2627 /* Pods */,
				99336478865B6200828F0AAF /* Frameworks */,
			);
			sourceTree = "<group>";
		};
		9930F9AE1EC332F600A1A313 /* Products */ = {
			isa = PBXGroup;
			children = (
				9930F9AD1EC332F600A1A313 /* LIveSkillsSearch.app */,
				9930F9C11EC332F600A1A313 /* LIveSkillsSearchTests.xctest */,
				9930F9CC1EC332F600A1A313 /* LIveSkillsSearchUITests.xctest */,
			);
			name = Products;
			sourceTree = "<group>";
		};
		9930F9AF1EC332F600A1A313 /* LIveSkillsSearch */ = {
			isa = PBXGroup;
			children = (
				99A945A31EC4795A00DE579E /* BSGiftAnimation */,
				99CE49D31EC391E90038FF5B /* BSSocket */,
				9930F9B01EC332F600A1A313 /* AppDelegate.swift */,
				9930F9B21EC332F600A1A313 /* ViewController.swift */,
				99A9459F1EC4781000DE579E /* GiftAnimationViewController.swift */,
				99A945A01EC4781000DE579E /* GiftAnimationViewController.xib */,
				9930F9B41EC332F600A1A313 /* Main.storyboard */,
				9930F9B71EC332F600A1A313 /* Assets.xcassets */,
				9930F9B91EC332F600A1A313 /* LaunchScreen.storyboard */,
				9930F9BC1EC332F600A1A313 /* Info.plist */,
				99CE49E31EC393810038FF5B /* Immessage.proto.swift */,
				99CE49E51EC393E20038FF5B /* IMMessage.proto */,
			);
			path = LIveSkillsSearch;
			sourceTree = "<group>";
		};
		9930F9C41EC332F600A1A313 /* LIveSkillsSearchTests */ = {
			isa = PBXGroup;
			children = (
				9930F9C51EC332F600A1A313 /* LIveSkillsSearchTests.swift */,
				9930F9C71EC332F600A1A313 /* Info.plist */,
			);
			path = LIveSkillsSearchTests;
			sourceTree = "<group>";
		};
		9930F9CF1EC332F600A1A313 /* LIveSkillsSearchUITests */ = {
			isa = PBXGroup;
			children = (
				9930F9D01EC332F600A1A313 /* LIveSkillsSearchUITests.swift */,
				9930F9D21EC332F600A1A313 /* Info.plist */,
			);
			path = LIveSkillsSearchUITests;
			sourceTree = "<group>";
		};
		99336478865B6200828F0AAF /* Frameworks */ = {
			isa = PBXGroup;
			children = (
				BE5388A87DFB1CE8AC16B46D /* Pods_LIveSkillsSearch.framework */,
			);
			name = Frameworks;
			sourceTree = "<group>";
		};
		99A945A31EC4795A00DE579E /* BSGiftAnimation */ = {
			isa = PBXGroup;
			children = (
				99A945A61EC4799D00DE579E /* BSGiftDigitLabel.swift */,
				99A945A81EC47AA400DE579E /* BSGiftModelModel.swift */,
			);
			path = BSGiftAnimation;
			sourceTree = "<group>";
		};
		99CE49D31EC391E90038FF5B /* BSSocket */ = {
			isa = PBXGroup;
			children = (
				99CE49D41EC391EF0038FF5B /* ysocket */,
				99CE49DF1EC392170038FF5B /* BSSocket.swift */,
			);
			path = BSSocket;
			sourceTree = "<group>";
		};
		99CE49D41EC391EF0038FF5B /* ysocket */ = {
			isa = PBXGroup;
			children = (
				99CE49D51EC391EF0038FF5B /* ysocket.swift */,
				99CE49D61EC391EF0038FF5B /* ytcpsocket.c */,
				99CE49D71EC391EF0038FF5B /* ytcpsocket.swift */,
				99CE49D81EC391EF0038FF5B /* yudpsocket.c */,
				99CE49D91EC391EF0038FF5B /* yudpsocket.swift */,
			);
			path = ysocket;
			sourceTree = "<group>";
		};
/* End PBXGroup section */

/* Begin PBXNativeTarget section */
		9930F9AC1EC332F600A1A313 /* LIveSkillsSearch */ = {
			isa = PBXNativeTarget;
			buildConfigurationList = 9930F9D51EC332F600A1A313 /* Build configuration list for PBXNativeTarget "LIveSkillsSearch" */;
			buildPhases = (
				1772D6F7C483AF17E98DE8DD /* [CP] Check Pods Manifest.lock */,
				9930F9A91EC332F600A1A313 /* Sources */,
				9930F9AA1EC332F600A1A313 /* Frameworks */,
				9930F9AB1EC332F600A1A313 /* Resources */,
				66671ACEC8F757FB3477ED3F /* [CP] Embed Pods Frameworks */,
				1BDEECFAD616A46ED10E603D /* [CP] Copy Pods Resources */,
			);
			buildRules = (
			);
			dependencies = (
			);
			name = LIveSkillsSearch;
			productName = LIveSkillsSearch;
			productReference = 9930F9AD1EC332F600A1A313 /* LIveSkillsSearch.app */;
			productType = "com.apple.product-type.application";
		};
		9930F9C01EC332F600A1A313 /* LIveSkillsSearchTests */ = {
			isa = PBXNativeTarget;
			buildConfigurationList = 9930F9D81EC332F600A1A313 /* Build configuration list for PBXNativeTarget "LIveSkillsSearchTests" */;
			buildPhases = (
				9930F9BD1EC332F600A1A313 /* Sources */,
				9930F9BE1EC332F600A1A313 /* Frameworks */,
				9930F9BF1EC332F600A1A313 /* Resources */,
			);
			buildRules = (
			);
			dependencies = (
				9930F9C31EC332F600A1A313 /* PBXTargetDependency */,
			);
			name = LIveSkillsSearchTests;
			productName = LIveSkillsSearchTests;
			productReference = 9930F9C11EC332F600A1A313 /* LIveSkillsSearchTests.xctest */;
			productType = "com.apple.product-type.bundle.unit-test";
		};
		9930F9CB1EC332F600A1A313 /* LIveSkillsSearchUITests */ = {
			isa = PBXNativeTarget;
			buildConfigurationList = 9930F9DB1EC332F600A1A313 /* Build configuration list for PBXNativeTarget "LIveSkillsSearchUITests" */;
			buildPhases = (
				9930F9C81EC332F600A1A313 /* Sources */,
				9930F9C91EC332F600A1A313 /* Frameworks */,
				9930F9CA1EC332F600A1A313 /* Resources */,
			);
			buildRules = (
			);
			dependencies = (
				9930F9CE1EC332F600A1A313 /* PBXTargetDependency */,
			);
			name = LIveSkillsSearchUITests;
			productName = LIveSkillsSearchUITests;
			productReference = 9930F9CC1EC332F600A1A313 /* LIveSkillsSearchUITests.xctest */;
			productType = "com.apple.product-type.bundle.ui-testing";
		};
/* End PBXNativeTarget section */

/* Begin PBXProject section */
		9930F9A51EC332F600A1A313 /* Project object */ = {
			isa = PBXProject;
			attributes = {
				LastSwiftUpdateCheck = 0820;
				LastUpgradeCheck = 0820;
				ORGANIZATIONNAME = idlebook;
				TargetAttributes = {
					9930F9AC1EC332F600A1A313 = {
						CreatedOnToolsVersion = 8.2.1;
						ProvisioningStyle = Automatic;
					};
					9930F9C01EC332F600A1A313 = {
						CreatedOnToolsVersion = 8.2.1;
						ProvisioningStyle = Automatic;
						TestTargetID = 9930F9AC1EC332F600A1A313;
					};
					9930F9CB1EC332F600A1A313 = {
						CreatedOnToolsVersion = 8.2.1;
						ProvisioningStyle = Automatic;
						TestTargetID = 9930F9AC1EC332F600A1A313;
					};
				};
			};
			buildConfigurationList = 9930F9A81EC332F600A1A313 /* Build configuration list for PBXProject "LIveSkillsSearch" */;
			compatibilityVersion = "Xcode 3.2";
			developmentRegion = English;
			hasScannedForEncodings = 0;
			knownRegions = (
				en,
				Base,
			);
			mainGroup = 9930F9A41EC332F600A1A313;
			productRefGroup = 9930F9AE1EC332F600A1A313 /* Products */;
			projectDirPath = "";
			projectRoot = "";
			targets = (
				9930F9AC1EC332F600A1A313 /* LIveSkillsSearch */,
				9930F9C01EC332F600A1A313 /* LIveSkillsSearchTests */,
				9930F9CB1EC332F600A1A313 /* LIveSkillsSearchUITests */,
			);
		};
/* End PBXProject section */

/* Begin PBXResourcesBuildPhase section */
		9930F9AB1EC332F600A1A313 /* Resources */ = {
			isa = PBXResourcesBuildPhase;
			buildActionMask = 2147483647;
			files = (
				99A945A21EC4781000DE579E /* GiftAnimationViewController.xib in Resources */,
				99CE49E61EC393E20038FF5B /* IMMessage.proto in Resources */,
				9930F9BB1EC332F600A1A313 /* LaunchScreen.storyboard in Resources */,
				9930F9B81EC332F600A1A313 /* Assets.xcassets in Resources */,
				9930F9B61EC332F600A1A313 /* Main.storyboard in Resources */,
			);
			runOnlyForDeploymentPostprocessing = 0;
		};
		9930F9BF1EC332F600A1A313 /* Resources */ = {
			isa = PBXResourcesBuildPhase;
			buildActionMask = 2147483647;
			files = (
			);
			runOnlyForDeploymentPostprocessing = 0;
		};
		9930F9CA1EC332F600A1A313 /* Resources */ = {
			isa = PBXResourcesBuildPhase;
			buildActionMask = 2147483647;
			files = (
			);
			runOnlyForDeploymentPostprocessing = 0;
		};
/* End PBXResourcesBuildPhase section */

/* Begin PBXShellScriptBuildPhase section */
		1772D6F7C483AF17E98DE8DD /* [CP] Check Pods Manifest.lock */ = {
			isa = PBXShellScriptBuildPhase;
			buildActionMask = 2147483647;
			files = (
			);
			inputPaths = (
			);
			name = "[CP] Check Pods Manifest.lock";
			outputPaths = (
			);
			runOnlyForDeploymentPostprocessing = 0;
			shellPath = /bin/sh;
			shellScript = "diff \"${PODS_PODFILE_DIR_PATH}/Podfile.lock\" \"${PODS_ROOT}/Manifest.lock\" > /dev/null\nif [ $? != 0 ] ; then\n    # print error to STDERR\n    echo \"error: The sandbox is not in sync with the Podfile.lock. Run 'pod install' or update your CocoaPods installation.\" >&2\n    exit 1\nfi\n";
			showEnvVarsInLog = 0;
		};
		1BDEECFAD616A46ED10E603D /* [CP] Copy Pods Resources */ = {
			isa = PBXShellScriptBuildPhase;
			buildActionMask = 2147483647;
			files = (
			);
			inputPaths = (
			);
			name = "[CP] Copy Pods Resources";
			outputPaths = (
			);
			runOnlyForDeploymentPostprocessing = 0;
			shellPath = /bin/sh;
			shellScript = "\"${SRCROOT}/Pods/Target Support Files/Pods-LIveSkillsSearch/Pods-LIveSkillsSearch-resources.sh\"\n";
			showEnvVarsInLog = 0;
		};
		66671ACEC8F757FB3477ED3F /* [CP] Embed Pods Frameworks */ = {
			isa = PBXShellScriptBuildPhase;
			buildActionMask = 2147483647;
			files = (
			);
			inputPaths = (
			);
			name = "[CP] Embed Pods Frameworks";
			outputPaths = (
			);
			runOnlyForDeploymentPostprocessing = 0;
			shellPath = /bin/sh;
			shellScript = "\"${SRCROOT}/Pods/Target Support Files/Pods-LIveSkillsSearch/Pods-LIveSkillsSearch-frameworks.sh\"\n";
			showEnvVarsInLog = 0;
		};
/* End PBXShellScriptBuildPhase section */

/* Begin PBXSourcesBuildPhase section */
		9930F9A91EC332F600A1A313 /* Sources */ = {
			isa = PBXSourcesBuildPhase;
			buildActionMask = 2147483647;
			files = (
				99A945A71EC4799D00DE579E /* BSGiftDigitLabel.swift in Sources */,
				99CE49DA1EC391EF0038FF5B /* ysocket.swift in Sources */,
				9930F9B31EC332F600A1A313 /* ViewController.swift in Sources */,
				99CE49DD1EC391EF0038FF5B /* yudpsocket.c in Sources */,
				99CE49DB1EC391EF0038FF5B /* ytcpsocket.c in Sources */,
				9930F9B11EC332F600A1A313 /* AppDelegate.swift in Sources */,
				99A945A91EC47AA400DE579E /* BSGiftModelModel.swift in Sources */,
				99A945A11EC4781000DE579E /* GiftAnimationViewController.swift in Sources */,
				99CE49DC1EC391EF0038FF5B /* ytcpsocket.swift in Sources */,
				99CE49DE1EC391EF0038FF5B /* yudpsocket.swift in Sources */,
				99CE49E01EC392170038FF5B /* BSSocket.swift in Sources */,
				99CE49E41EC393810038FF5B /* Immessage.proto.swift in Sources */,
			);
			runOnlyForDeploymentPostprocessing = 0;
		};
		9930F9BD1EC332F600A1A313 /* Sources */ = {
			isa = PBXSourcesBuildPhase;
			buildActionMask = 2147483647;
			files = (
				9930F9C61EC332F600A1A313 /* LIveSkillsSearchTests.swift in Sources */,
			);
			runOnlyForDeploymentPostprocessing = 0;
		};
		9930F9C81EC332F600A1A313 /* Sources */ = {
			isa = PBXSourcesBuildPhase;
			buildActionMask = 2147483647;
			files = (
				9930F9D11EC332F600A1A313 /* LIveSkillsSearchUITests.swift in Sources */,
			);
			runOnlyForDeploymentPostprocessing = 0;
		};
/* End PBXSourcesBuildPhase section */

/* Begin PBXTargetDependency section */
		9930F9C31EC332F600A1A313 /* PBXTargetDependency */ = {
			isa = PBXTargetDependency;
			target = 9930F9AC1EC332F600A1A313 /* LIveSkillsSearch */;
			targetProxy = 9930F9C21EC332F600A1A313 /* PBXContainerItemProxy */;
		};
		9930F9CE1EC332F600A1A313 /* PBXTargetDependency */ = {
			isa = PBXTargetDependency;
			target = 9930F9AC1EC332F600A1A313 /* LIveSkillsSearch */;
			targetProxy = 9930F9CD1EC332F600A1A313 /* PBXContainerItemProxy */;
		};
/* End PBXTargetDependency section */

/* Begin PBXVariantGroup section */
		9930F9B41EC332F600A1A313 /* Main.storyboard */ = {
			isa = PBXVariantGroup;
			children = (
				9930F9B51EC332F600A1A313 /* Base */,
			);
			name = Main.storyboard;
			sourceTree = "<group>";
		};
		9930F9B91EC332F600A1A313 /* LaunchScreen.storyboard */ = {
			isa = PBXVariantGroup;
			children = (
				9930F9BA1EC332F600A1A313 /* Base */,
			);
			name = LaunchScreen.storyboard;
			sourceTree = "<group>";
		};
/* End PBXVariantGroup section */

/* Begin XCBuildConfiguration section */
		9930F9D31EC332F600A1A313 /* Debug */ = {
			isa = XCBuildConfiguration;
			buildSettings = {
				ALWAYS_SEARCH_USER_PATHS = NO;
				CLANG_ANALYZER_NONNULL = YES;
				CLANG_CXX_LANGUAGE_STANDARD = "gnu++0x";
				CLANG_CXX_LIBRARY = "libc++";
				CLANG_ENABLE_MODULES = YES;
				CLANG_ENABLE_OBJC_ARC = YES;
				CLANG_WARN_BOOL_CONVERSION = YES;
				CLANG_WARN_CONSTANT_CONVERSION = YES;
				CLANG_WARN_DIRECT_OBJC_ISA_USAGE = YES_ERROR;
				CLANG_WARN_DOCUMENTATION_COMMENTS = YES;
				CLANG_WARN_EMPTY_BODY = YES;
				CLANG_WARN_ENUM_CONVERSION = YES;
				CLANG_WARN_INFINITE_RECURSION = YES;
				CLANG_WARN_INT_CONVERSION = YES;
				CLANG_WARN_OBJC_ROOT_CLASS = YES_ERROR;
				CLANG_WARN_SUSPICIOUS_MOVE = YES;
				CLANG_WARN_UNREACHABLE_CODE = YES;
				CLANG_WARN__DUPLICATE_METHOD_MATCH = YES;
				"CODE_SIGN_IDENTITY[sdk=iphoneos*]" = "iPhone Developer";
				COPY_PHASE_STRIP = NO;
				DEBUG_INFORMATION_FORMAT = dwarf;
				ENABLE_STRICT_OBJC_MSGSEND = YES;
				ENABLE_TESTABILITY = YES;
				GCC_C_LANGUAGE_STANDARD = gnu99;
				GCC_DYNAMIC_NO_PIC = NO;
				GCC_NO_COMMON_BLOCKS = YES;
				GCC_OPTIMIZATION_LEVEL = 0;
				GCC_PREPROCESSOR_DEFINITIONS = (
					"DEBUG=1",
					"$(inherited)",
				);
				GCC_WARN_64_TO_32_BIT_CONVERSION = YES;
				GCC_WARN_ABOUT_RETURN_TYPE = YES_ERROR;
				GCC_WARN_UNDECLARED_SELECTOR = YES;
				GCC_WARN_UNINITIALIZED_AUTOS = YES_AGGRESSIVE;
				GCC_WARN_UNUSED_FUNCTION = YES;
				GCC_WARN_UNUSED_VARIABLE = YES;
				IPHONEOS_DEPLOYMENT_TARGET = 10.2;
				MTL_ENABLE_DEBUG_INFO = YES;
				ONLY_ACTIVE_ARCH = YES;
				SDKROOT = iphoneos;
				SWIFT_ACTIVE_COMPILATION_CONDITIONS = DEBUG;
				SWIFT_OPTIMIZATION_LEVEL = "-Onone";
				TARGETED_DEVICE_FAMILY = "1,2";
			};
			name = Debug;
		};
		9930F9D41EC332F600A1A313 /* Release */ = {
			isa = XCBuildConfiguration;
			buildSettings = {
				ALWAYS_SEARCH_USER_PATHS = NO;
				CLANG_ANALYZER_NONNULL = YES;
				CLANG_CXX_LANGUAGE_STANDARD = "gnu++0x";
				CLANG_CXX_LIBRARY = "libc++";
				CLANG_ENABLE_MODULES = YES;
				CLANG_ENABLE_OBJC_ARC = YES;
				CLANG_WARN_BOOL_CONVERSION = YES;
				CLANG_WARN_CONSTANT_CONVERSION = YES;
				CLANG_WARN_DIRECT_OBJC_ISA_USAGE = YES_ERROR;
				CLANG_WARN_DOCUMENTATION_COMMENTS = YES;
				CLANG_WARN_EMPTY_BODY = YES;
				CLANG_WARN_ENUM_CONVERSION = YES;
				CLANG_WARN_INFINITE_RECURSION = YES;
				CLANG_WARN_INT_CONVERSION = YES;
				CLANG_WARN_OBJC_ROOT_CLASS = YES_ERROR;
				CLANG_WARN_SUSPICIOUS_MOVE = YES;
				CLANG_WARN_UNREACHABLE_CODE = YES;
				CLANG_WARN__DUPLICATE_METHOD_MATCH = YES;
				"CODE_SIGN_IDENTITY[sdk=iphoneos*]" = "iPhone Developer";
				COPY_PHASE_STRIP = NO;
				DEBUG_INFORMATION_FORMAT = "dwarf-with-dsym";
				ENABLE_NS_ASSERTIONS = NO;
				ENABLE_STRICT_OBJC_MSGSEND = YES;
				GCC_C_LANGUAGE_STANDARD = gnu99;
				GCC_NO_COMMON_BLOCKS = YES;
				GCC_WARN_64_TO_32_BIT_CONVERSION = YES;
				GCC_WARN_ABOUT_RETURN_TYPE = YES_ERROR;
				GCC_WARN_UNDECLARED_SELECTOR = YES;
				GCC_WARN_UNINITIALIZED_AUTOS = YES_AGGRESSIVE;
				GCC_WARN_UNUSED_FUNCTION = YES;
				GCC_WARN_UNUSED_VARIABLE = YES;
				IPHONEOS_DEPLOYMENT_TARGET = 10.2;
				MTL_ENABLE_DEBUG_INFO = NO;
				SDKROOT = iphoneos;
				SWIFT_OPTIMIZATION_LEVEL = "-Owholemodule";
				TARGETED_DEVICE_FAMILY = "1,2";
				VALIDATE_PRODUCT = YES;
			};
			name = Release;
		};
		9930F9D61EC332F600A1A313 /* Debug */ = {
			isa = XCBuildConfiguration;
			baseConfigurationReference = 8654D2DC17575AB4BF323335 /* Pods-LIveSkillsSearch.debug.xcconfig */;
			buildSettings = {
				ASSETCATALOG_COMPILER_APPICON_NAME = AppIcon;
				INFOPLIST_FILE = LIveSkillsSearch/Info.plist;
				IPHONEOS_DEPLOYMENT_TARGET = 10.0;
				LD_RUNPATH_SEARCH_PATHS = "$(inherited) @executable_path/Frameworks";
				PRODUCT_BUNDLE_IDENTIFIER = com.idlevbook.LIveSkillsSearch;
				PRODUCT_NAME = "$(TARGET_NAME)";
				SWIFT_VERSION = 3.0;
			};
			name = Debug;
		};
		9930F9D71EC332F600A1A313 /* Release */ = {
			isa = XCBuildConfiguration;
			baseConfigurationReference = 92FE00078B69634CD2ECD3F0 /* Pods-LIveSkillsSearch.release.xcconfig */;
			buildSettings = {
				ASSETCATALOG_COMPILER_APPICON_NAME = AppIcon;
				INFOPLIST_FILE = LIveSkillsSearch/Info.plist;
				IPHONEOS_DEPLOYMENT_TARGET = 10.0;
				LD_RUNPATH_SEARCH_PATHS = "$(inherited) @executable_path/Frameworks";
				PRODUCT_BUNDLE_IDENTIFIER = com.idlevbook.LIveSkillsSearch;
				PRODUCT_NAME = "$(TARGET_NAME)";
				SWIFT_VERSION = 3.0;
			};
			name = Release;
		};
		9930F9D91EC332F600A1A313 /* Debug */ = {
			isa = XCBuildConfiguration;
			buildSettings = {
				ALWAYS_EMBED_SWIFT_STANDARD_LIBRARIES = YES;
				BUNDLE_LOADER = "$(TEST_HOST)";
				INFOPLIST_FILE = LIveSkillsSearchTests/Info.plist;
				LD_RUNPATH_SEARCH_PATHS = "$(inherited) @executable_path/Frameworks @loader_path/Frameworks";
				PRODUCT_BUNDLE_IDENTIFIER = com.idlevbook.LIveSkillsSearchTests;
				PRODUCT_NAME = "$(TARGET_NAME)";
				SWIFT_VERSION = 3.0;
				TEST_HOST = "$(BUILT_PRODUCTS_DIR)/LIveSkillsSearch.app/LIveSkillsSearch";
			};
			name = Debug;
		};
		9930F9DA1EC332F600A1A313 /* Release */ = {
			isa = XCBuildConfiguration;
			buildSettings = {
				ALWAYS_EMBED_SWIFT_STANDARD_LIBRARIES = YES;
				BUNDLE_LOADER = "$(TEST_HOST)";
				INFOPLIST_FILE = LIveSkillsSearchTests/Info.plist;
				LD_RUNPATH_SEARCH_PATHS = "$(inherited) @executable_path/Frameworks @loader_path/Frameworks";
				PRODUCT_BUNDLE_IDENTIFIER = com.idlevbook.LIveSkillsSearchTests;
				PRODUCT_NAME = "$(TARGET_NAME)";
				SWIFT_VERSION = 3.0;
				TEST_HOST = "$(BUILT_PRODUCTS_DIR)/LIveSkillsSearch.app/LIveSkillsSearch";
			};
			name = Release;
		};
		9930F9DC1EC332F600A1A313 /* Debug */ = {
			isa = XCBuildConfiguration;
			buildSettings = {
				ALWAYS_EMBED_SWIFT_STANDARD_LIBRARIES = YES;
				INFOPLIST_FILE = LIveSkillsSearchUITests/Info.plist;
				LD_RUNPATH_SEARCH_PATHS = "$(inherited) @executable_path/Frameworks @loader_path/Frameworks";
				PRODUCT_BUNDLE_IDENTIFIER = com.idlevbook.LIveSkillsSearchUITests;
				PRODUCT_NAME = "$(TARGET_NAME)";
				SWIFT_VERSION = 3.0;
				TEST_TARGET_NAME = LIveSkillsSearch;
			};
			name = Debug;
		};
		9930F9DD1EC332F600A1A313 /* Release */ = {
			isa = XCBuildConfiguration;
			buildSettings = {
				ALWAYS_EMBED_SWIFT_STANDARD_LIBRARIES = YES;
				INFOPLIST_FILE = LIveSkillsSearchUITests/Info.plist;
				LD_RUNPATH_SEARCH_PATHS = "$(inherited) @executable_path/Frameworks @loader_path/Frameworks";
				PRODUCT_BUNDLE_IDENTIFIER = com.idlevbook.LIveSkillsSearchUITests;
				PRODUCT_NAME = "$(TARGET_NAME)";
				SWIFT_VERSION = 3.0;
				TEST_TARGET_NAME = LIveSkillsSearch;
			};
			name = Release;
		};
/* End XCBuildConfiguration section */

/* Begin XCConfigurationList section */
		9930F9A81EC332F600A1A313 /* Build configuration list for PBXProject "LIveSkillsSearch" */ = {
			isa = XCConfigurationList;
			buildConfigurations = (
				9930F9D31EC332F600A1A313 /* Debug */,
				9930F9D41EC332F600A1A313 /* Release */,
			);
			defaultConfigurationIsVisible = 0;
			defaultConfigurationName = Release;
		};
		9930F9D51EC332F600A1A313 /* Build configuration list for PBXNativeTarget "LIveSkillsSearch" */ = {
			isa = XCConfigurationList;
			buildConfigurations = (
				9930F9D61EC332F600A1A313 /* Debug */,
				9930F9D71EC332F600A1A313 /* Release */,
			);
			defaultConfigurationIsVisible = 0;
			defaultConfigurationName = Release;
		};
		9930F9D81EC332F600A1A313 /* Build configuration list for PBXNativeTarget "LIveSkillsSearchTests" */ = {
			isa = XCConfigurationList;
			buildConfigurations = (
				9930F9D91EC332F600A1A313 /* Debug */,
				9930F9DA1EC332F600A1A313 /* Release */,
			);
			defaultConfigurationIsVisible = 0;
			defaultConfigurationName = Release;
		};
		9930F9DB1EC332F600A1A313 /* Build configuration list for PBXNativeTarget "LIveSkillsSearchUITests" */ = {
			isa = XCConfigurationList;
			buildConfigurations = (
				9930F9DC1EC332F600A1A313 /* Debug */,
				9930F9DD1EC332F600A1A313 /* Release */,
			);
			defaultConfigurationIsVisible = 0;
			defaultConfigurationName = Release;
		};
/* End XCConfigurationList section */
	};
	rootObject = 9930F9A51EC332F600A1A313 /* Project object */;
}
